
Microsoft Visual Studio Solution File, Format Version 12.00
# Visual Studio 15
VisualStudioVersion = 15.0.27130.2003
MinimumVisualStudioVersion = 10.0.40219.1
Project("{FAE04EC0-301F-11D3-BF4B-00C04F79EFBC}") = "BSSMessagingConsoleT24SVC", "BSSMessagingConsoleT24SVC.csproj", "{A9346B6A-8662-4675-A333-204E9A8CAE50}"
EndProject
Global
	GlobalSection(SolutionConfigurationPlatforms) = preSolution
		Debug|Any CPU = Debug|Any CPU
		Release|Any CPU = Release|Any CPU
	EndGlobalSection
	GlobalSection(ProjectConfigurationPlatforms) = postSolution
		{A9346B6A-8662-4675-A333-204E9A8CAE50}.Debug|Any CPU.ActiveCfg = Debug|Any CPU
		{A9346B6A-8662-4675-A333-204E9A8CAE50}.Debug|Any CPU.Build.0 = Debug|Any CPU
		{A9346B6A-8662-4675-A333-204E9A8CAE50}.Release|Any CPU.ActiveCfg = Debug|Any CPU
		{A9346B6A-8662-4675-A333-204E9A8CAE50}.Release|Any CPU.Build.0 = Debug|Any CPU
	EndGlobalSection
	GlobalSection(SolutionProperties) = preSolution
		HideSolutionNode = FALSE
	EndGlobalSection
	GlobalSection(ExtensibilityGlobals) = postSolution
		SolutionGuid = {BAD00D0F-1337-464B-9F1B-D1403DD87F2C}
	EndGlobalSection
EndGlobal
